# This file is automatically @generated by Wally.
# It is not intended for manual editing.
registry = "test"

[[package]]
name = "alemanvaldez/template"
version = "0.1.0"
dependencies = [["Bridgenet2", "ffrostflame/bridgenet2@1.0.0"], ["Janitor", "howmanysmall/janitor@1.18.3"], ["Jecs", "ukendio/jecs@0.9.0-rc.12"], ["Promise", "evaera/promise@4.0.0"], ["TweenService2", "legendoj1/tweenservice2@2.2.2"], ["ProfileService", "firebird702/profileservice@1.1.0"], ["SignalPlus", "coatmol/signalplus@3.3.1"]]

[[package]]
name = "coatmol/signalplus"
version = "3.3.1"
dependencies = []

[[package]]
name = "evaera/promise"
version = "4.0.0"
dependencies = []

[[package]]
name = "ffrostflame/bridgenet2"
version = "1.0.0"
dependencies = [["RemotePacketSizeCounter", "pysephwasntavailable/remotepacketsizecounter@2.4.1"], ["TableKit", "ffrostflame/tablekit@0.2.4"], ["wallyInstanceManager", "ffrostflame/wally-instance-manager@0.1.0"]]

[[package]]
name = "ffrostflame/tablekit"
version = "0.2.4"
dependencies = []

[[package]]
name = "ffrostflame/wally-instance-manager"
version = "0.1.0"
dependencies = []

[[package]]
name = "firebird702/profileservice"
version = "1.1.0"
dependencies = []

[[package]]
name = "howmanysmall/janitor"
version = "1.18.3"
dependencies = [["Promise", "howmanysmall/typed-promise@4.0.6"]]

[[package]]
name = "howmanysmall/typed-promise"
version = "4.0.6"
dependencies = [["Promise", "evaera/promise@4.0.0"]]

[[package]]
name = "legendoj1/tweenservice2"
version = "2.2.2"
dependencies = []

[[package]]
name = "pysephwasntavailable/remotepacketsizecounter"
version = "2.4.1"
dependencies = []

[[package]]
name = "ukendio/jecs"
version = "0.9.0-rc.12"
dependencies = []
