# This file is automatically @generated by Wally.
# It is not intended for manual editing.
registry = "test"

[[package]]
name = "alemanvaldez/template"
version = "0.1.0"
dependencies = [["Bridgenet2", "ffrostflame/bridgenet2@1.0.0"], ["Janitor", "howmanysmall/janitor@1.18.3"], ["Jecs", "ukendio/jecs@0.9.0-rc.12"], ["Logger", "stackyzdev/logger@1.0.0"], ["Promise", "evaera/promise@4.0.0"], ["TweenService2", "legendoj1/tweenservice2@2.2.2"], ["Utils", "joelbrd/utils@1.0.26"], ["ProfileService", "firebird702/profileservice@1.1.0"], ["SignalPlus", "coatmol/signalplus@3.3.1"]]

[[package]]
name = "coatmol/signalplus"
version = "3.3.1"
dependencies = []

[[package]]
name = "csqrl/sift"
version = "0.0.8"
dependencies = []

[[package]]
name = "evaera/promise"
version = "4.0.0"
dependencies = []

[[package]]
name = "ffrostflame/bridgenet2"
version = "1.0.0"
dependencies = [["RemotePacketSizeCounter", "pysephwasntavailable/remotepacketsizecounter@2.4.1"], ["TableKit", "ffrostflame/tablekit@0.2.4"], ["wallyInstanceManager", "ffrostflame/wally-instance-manager@0.1.0"]]

[[package]]
name = "ffrostflame/tablekit"
version = "0.2.4"
dependencies = []

[[package]]
name = "ffrostflame/wally-instance-manager"
version = "0.1.0"
dependencies = []

[[package]]
name = "firebird702/profileservice"
version = "1.1.0"
dependencies = []

[[package]]
name = "howmanysmall/janitor"
version = "1.18.3"
dependencies = [["Promise", "howmanysmall/typed-promise@4.0.6"]]

[[package]]
name = "howmanysmall/typed-promise"
version = "4.0.6"
dependencies = [["Promise", "evaera/promise@4.0.0"]]

[[package]]
name = "joelbrd/charmhub"
version = "1.0.4"
dependencies = [["Charm", "littensy/charm@0.10.0"], ["Functions", "joelbrd/functions@1.0.5"], ["Iris", "sirmallard/iris@2.5.0"], ["Logger", "joelbrd/logger@1.0.6"], ["Sift", "csqrl/sift@0.0.8"], ["Signal", "sleitnick/signal@2.0.3"], ["Table", "joelbrd/table@1.0.18"]]

[[package]]
name = "joelbrd/constmap"
version = "1.0.5"
dependencies = [["Logger", "joelbrd/logger@1.0.6"], ["Table", "joelbrd/table@1.0.18"]]

[[package]]
name = "joelbrd/functions"
version = "1.0.5"
dependencies = [["Logger", "joelbrd/logger@1.0.6"], ["PlayersWrap", "joelbrd/playerswrap@1.0.22"]]

[[package]]
name = "joelbrd/logger"
version = "1.0.6"
dependencies = []

[[package]]
name = "joelbrd/math"
version = "1.0.6"
dependencies = [["Logger", "joelbrd/logger@1.0.6"], ["Table", "joelbrd/table@1.0.18"]]

[[package]]
name = "joelbrd/playerswrap"
version = "1.0.22"
dependencies = [["Charm", "littensy/charm@0.10.0"], ["CharmHub", "joelbrd/charmhub@1.0.4"], ["Concur", "sleitnick/concur@0.1.2"], ["Future", "red-blox/future@1.0.1"], ["Logger", "joelbrd/logger@1.0.6"], ["Observers", "sleitnick/observers@0.3.4"], ["Signal", "sleitnick/signal@2.0.3"], ["Table", "joelbrd/table@1.0.18"], ["Timer", "sleitnick/timer@1.1.2"], ["Trove", "sleitnick/trove@1.5.1"], ["Utils", "joelbrd/utils@1.0.26"]]

[[package]]
name = "joelbrd/region"
version = "1.0.2"
dependencies = []

[[package]]
name = "joelbrd/runservicewrap"
version = "1.0.5"
dependencies = [["Logger", "joelbrd/logger@1.0.6"]]

[[package]]
name = "joelbrd/table"
version = "1.0.18"
dependencies = [["Logger", "joelbrd/logger@1.0.6"], ["Sift", "csqrl/sift@0.0.8"]]

[[package]]
name = "joelbrd/utils"
version = "1.0.26"
dependencies = [["Concur", "sleitnick/concur@0.1.2"], ["ConstMap", "joelbrd/constmap@1.0.5"], ["Functions", "joelbrd/functions@1.0.5"], ["Future", "red-blox/future@1.0.1"], ["Logger", "joelbrd/logger@1.0.6"], ["Math", "joelbrd/math@1.0.6"], ["PlayersWrap", "joelbrd/playerswrap@1.0.22"], ["Promise", "evaera/promise@4.0.0"], ["Region", "joelbrd/region@1.0.2"], ["RunServiceWrap", "joelbrd/runservicewrap@1.0.5"], ["Signal", "sleitnick/signal@2.0.3"], ["Table", "joelbrd/table@1.0.18"], ["Trove", "sleitnick/trove@1.5.1"], ["t", "osyrisrblx/t@3.1.1"]]

[[package]]
name = "legendoj1/tweenservice2"
version = "2.2.2"
dependencies = []

[[package]]
name = "littensy/charm"
version = "0.10.0"
dependencies = []

[[package]]
name = "osyrisrblx/t"
version = "3.1.1"
dependencies = []

[[package]]
name = "pysephwasntavailable/remotepacketsizecounter"
version = "2.4.1"
dependencies = []

[[package]]
name = "red-blox/future"
version = "1.0.1"
dependencies = [["Spawn", "red-blox/spawn@1.1.0"]]

[[package]]
name = "red-blox/spawn"
version = "1.1.0"
dependencies = []

[[package]]
name = "sirmallard/iris"
version = "2.5.0"
dependencies = []

[[package]]
name = "sleitnick/concur"
version = "0.1.2"
dependencies = []

[[package]]
name = "sleitnick/observers"
version = "0.3.4"
dependencies = []

[[package]]
name = "sleitnick/signal"
version = "1.5.0"
dependencies = []

[[package]]
name = "sleitnick/signal"
version = "2.0.3"
dependencies = []

[[package]]
name = "sleitnick/timer"
version = "1.1.2"
dependencies = [["Signal", "sleitnick/signal@1.5.0"]]

[[package]]
name = "sleitnick/trove"
version = "1.5.1"
dependencies = []

[[package]]
name = "stackyzdev/assert"
version = "1.0.0"
dependencies = []

[[package]]
name = "stackyzdev/enumtype"
version = "1.0.0"
dependencies = [["Assert", "stackyzdev/assert@1.0.0"], ["UniqueTag", "stackyzdev/uniquetag@1.4.2"]]

[[package]]
name = "stackyzdev/logger"
version = "1.0.0"
dependencies = [["Assert", "stackyzdev/assert@1.0.0"], ["EnumType", "stackyzdev/enumtype@1.0.0"]]

[[package]]
name = "stackyzdev/uniquetag"
version = "1.4.2"
dependencies = []

[[package]]
name = "ukendio/jecs"
version = "0.9.0-rc.12"
dependencies = []
